<?xml version="1.0" encoding="utf-8"?>
<Project ToolsVersion="4.0" xmlns="http://schemas.microsoft.com/developer/msbuild/2003">
  <ItemGroup>
    <ClCompile Include="dllapi.cpp">
      <Filter>Source</Filter>
    </ClCompile>
    <ClCompile Include="dllmain.cpp">
      <Filter>Source</Filter>
    </ClCompile>
    <ClCompile Include="engine_api.cpp">
      <Filter>Source</Filter>
    </ClCompile>
    <ClCompile Include="h_export.cpp">
      <Filter>Source</Filter>
    </ClCompile>
    <ClCompile Include="meta_api.cpp">
      <Filter>Source</Filter>
    </ClCompile>
  </ItemGroup>
  <ItemGroup>
    <ClInclude Include="serverdef.h">
      <Filter>Header</Filter>
    </ClInclude>
  </ItemGroup>
  <ItemGroup>
    <Filter Include="Header">
      <UniqueIdentifier>{f980f9df-0629-41a9-bc74-a1ce0909b4df}</UniqueIdentifier>
    </Filter>
    <Filter Include="Source">
      <UniqueIdentifier>{354367e9-72ac-4e32-938f-442f0e9fe361}</UniqueIdentifier>
    </Filter>
  </ItemGroup>
</Project>